
Microsoft Visual Studio Solution File, Format Version 12.00
# Visual Studio 14
VisualStudioVersion = 14.0.23107.0
MinimumVisualStudioVersion = 10.0.40219.1
Project("{2150E333-8FDC-42A3-9474-1A3956D46DE8}") = "sld", "sld", "{CB7BE954-EEB9-4D0C-9099-14FA2E5F4E3C}"
	ProjectSection(SolutionItems) = preProject
		sld\datavic-CATCHMENTS_CMA100.sld = sld\datavic-CATCHMENTS_CMA100.sld
		sld\datavic-CULTURE_SENSITIVITY.sld = sld\datavic-CULTURE_SENSITIVITY.sld
		sld\datavic-datagovau-conservation-roads-mitchell.sld = sld\datavic-datagovau-conservation-roads-mitchell.sld
		sld\datavic-datagovau-locallaws-mitchell.sld = sld\datavic-datagovau-locallaws-mitchell.sld
		sld\datavic-DEPI_PROP_ADDRESS.sld = sld\datavic-DEPI_PROP_ADDRESS.sld
		sld\datavic-FLORAFAUNA1_NV2005_EVCBCS.sld = sld\datavic-FLORAFAUNA1_NV2005_EVCBCS.sld
		sld\datavic-PTV_BUS_ROUTE_REGIONAL.sld = sld\datavic-PTV_BUS_ROUTE_REGIONAL.sld
		sld\datavic-PTV_BUS_ROUTE_SCHOOL.sld = sld\datavic-PTV_BUS_ROUTE_SCHOOL.sld
		sld\datavic-VMADMIN_LGA_POLYGON.sld = sld\datavic-VMADMIN_LGA_POLYGON.sld
		sld\datavic-VMADMIN_LOCALITY_POLYGON-BENDIGO.sld = sld\datavic-VMADMIN_LOCALITY_POLYGON-BENDIGO.sld
		sld\datavic-VMADMIN_LOCALITY_POLYGON.sld = sld\datavic-VMADMIN_LOCALITY_POLYGON.sld
		sld\datavic-VMADMIN_WARD_2012-BENDIGO.sld = sld\datavic-VMADMIN_WARD_2012-BENDIGO.sld
		sld\datavic-VMADMIN_WARD_2012.sld = sld\datavic-VMADMIN_WARD_2012.sld
		sld\datavic-VMLITE_LGA.sld = sld\datavic-VMLITE_LGA.sld
		sld\datavic-VMPLAN_PLAN_OVERLAY-DEPI.sld = sld\datavic-VMPLAN_PLAN_OVERLAY-DEPI.sld
		sld\datavic-VMPLAN_PLAN_ZONE-DEPI.sld = sld\datavic-VMPLAN_PLAN_ZONE-DEPI.sld
		sld\datavic-VMPROP_PARCEL_MP.sld = sld\datavic-VMPROP_PARCEL_MP.sld
		sld\datavic-VMTRANS_TR_ROAD-labels.sld = sld\datavic-VMTRANS_TR_ROAD-labels.sld
		sld\DEPI_PROP_ADDRESS.sld = sld\DEPI_PROP_ADDRESS.sld
		sld\DSE_ADMINISTRATIVE_BOUNDARIES-dse_vmadmin_lga_polygon.sld = sld\DSE_ADMINISTRATIVE_BOUNDARIES-dse_vmadmin_lga_polygon.sld
		sld\sii-BUILDINGREG.BUSHFIRE_PRONE_AREA.sld = sld\sii-BUILDINGREG.BUSHFIRE_PRONE_AREA.sld
		sld\sii-BUILDINGREG.BUSHFIRE_PRONE_AREA_GEN.sld = sld\sii-BUILDINGREG.BUSHFIRE_PRONE_AREA_GEN.sld
		sld\sii-CATCHMENTS.BIOLINK500.sld = sld\sii-CATCHMENTS.BIOLINK500.sld
		sld\sii-CATCHMENTS.CMA100.sld = sld\sii-CATCHMENTS.CMA100.sld
		sld\sii-CATCHMENTS.FLAGSHIP500.sld = sld\sii-CATCHMENTS.FLAGSHIP500.sld
		sld\sii-CATCHMENTS.VIF_BIODIVERSITY500.sld = sld\sii-CATCHMENTS.VIF_BIODIVERSITY500.sld
		sld\sii-COASTS.SLR00CM_2009.sld = sld\sii-COASTS.SLR00CM_2009.sld
		sld\sii-COASTS.SLR00CM_ST_2009.sld = sld\sii-COASTS.SLR00CM_ST_2009.sld
		sld\sii-COASTS.SLR20CM_2040.sld = sld\sii-COASTS.SLR20CM_2040.sld
		sld\sii-COASTS.SLR20CM_ST_2040.sld = sld\sii-COASTS.SLR20CM_ST_2040.sld
		sld\sii-COASTS.SLR47CM_2070.sld = sld\sii-COASTS.SLR47CM_2070.sld
		sld\sii-COASTS.SLR47CM_ST_2070.sld = sld\sii-COASTS.SLR47CM_ST_2070.sld
		sld\sii-COASTS.SLR82CM_2100.sld = sld\sii-COASTS.SLR82CM_2100.sld
		sld\sii-COASTS.SLR82CM_ST_2100.sld = sld\sii-COASTS.SLR82CM_ST_2100.sld
		sld\sii-CROWNLAND.PK_PARKRES.sld = sld\sii-CROWNLAND.PK_PARKRES.sld
		sld\sii-CROWNLAND.PLM100_POLYGON.sld = sld\sii-CROWNLAND.PLM100_POLYGON.sld
		sld\sii-CULTURE.ACHP_SURVEYS.sld = sld\sii-CULTURE.ACHP_SURVEYS.sld
		sld\sii-CULTURE.SENSITIVITY_AB_Sites.sld = sld\sii-CULTURE.SENSITIVITY_AB_Sites.sld
		sld\sii-DPS_1211_TRAIN_TRACK_CENTL.sld = sld\sii-DPS_1211_TRAIN_TRACK_CENTL.sld
		sld\sii-DPS_1220_TRAM_TRACK_CENTL.sld = sld\sii-DPS_1220_TRAM_TRACK_CENTL.sld
		sld\sii-DPS_1229_RAIL_STAT_PLATF.sld = sld\sii-DPS_1229_RAIL_STAT_PLATF.sld
		sld\sii-DPS_909_REG_BUS_ROUTES_VM.sld = sld\sii-DPS_909_REG_BUS_ROUTES_VM.sld
		sld\sii-FLORAFAUNA1.NV2005_EVCBCS.sld = sld\sii-FLORAFAUNA1.NV2005_EVCBCS.sld
		sld\sii-FLORAFAUNA1.NV2005_EXTENT.sld = sld\sii-FLORAFAUNA1.NV2005_EXTENT.sld
		sld\sii-FLORAFAUNA1.RAMSAR100.sld = sld\sii-FLORAFAUNA1.RAMSAR100.sld
		sld\sii-FLORAFAUNA1.THFAU500.sld = sld\sii-FLORAFAUNA1.THFAU500.sld
		sld\sii-FLORAFAUNA1.THFLOR500.sld = sld\sii-FLORAFAUNA1.THFLOR500.sld
		sld\sii-FLORAFAUNA1.VBIOREG100.sld = sld\sii-FLORAFAUNA1.VBIOREG100.sld
		sld\sii-FLORAFAUNA1.WETLAND_1994.sld = sld\sii-FLORAFAUNA1.WETLAND_1994.sld
		sld\sii-FLORAFAUNA1.WETLANDDIR.sld = sld\sii-FLORAFAUNA1.WETLANDDIR.sld
		sld\sii-FORESTS.TREE100.sld = sld\sii-FORESTS.TREE100.sld
		sld\sii-PTV.PTV_BUS_ROUTE_METRO.sld = sld\sii-PTV.PTV_BUS_ROUTE_METRO.sld
		sld\sii-PTV.PTV_BUS_ROUTE_REGIONAL.sld = sld\sii-PTV.PTV_BUS_ROUTE_REGIONAL.sld
		sld\sii-PTV.PTV_BUS_ROUTE_SCHOOL.sld = sld\sii-PTV.PTV_BUS_ROUTE_SCHOOL.sld
		sld\sii-PTV.PTV_BUS_STOP.sld = sld\sii-PTV.PTV_BUS_STOP.sld
		sld\sii-PTV.PTV_TRAIN_CORRIDOR_CENTRELINE.sld = sld\sii-PTV.PTV_TRAIN_CORRIDOR_CENTRELINE.sld
		sld\sii-PTV.PTV_TRAIN_STATION.sld = sld\sii-PTV.PTV_TRAIN_STATION.sld
		sld\sii-PTV.PTV_TRAM_ROUTE.sld = sld\sii-PTV.PTV_TRAM_ROUTE.sld
		sld\sii-PTV.PTV_TRAM_STOP.sld = sld\sii-PTV.PTV_TRAM_STOP.sld
		sld\sii-SURVEY_MARKS_POINT.sld = sld\sii-SURVEY_MARKS_POINT.sld
		sld\sii-VMADD.ADDRESS.sld = sld\sii-VMADD.ADDRESS.sld
		sld\sii-VMADMIN.DSE_REGION.sld = sld\sii-VMADMIN.DSE_REGION.sld
		sld\sii-VMADMIN.LGA_POLYGON.sld = sld\sii-VMADMIN.LGA_POLYGON.sld
		sld\sii-VMADMIN.LOCALITY_POLYGON-BENDIGO.sld = sld\sii-VMADMIN.LOCALITY_POLYGON-BENDIGO.sld
		sld\sii-VMADMIN.LOCALITY_POLYGON.sld = sld\sii-VMADMIN.LOCALITY_POLYGON.sld
		sld\sii-VMADMIN.PARISH_POLYGON.sld = sld\sii-VMADMIN.PARISH_POLYGON.sld
		sld\sii-VMADMIN.POSTCODE_POLYGON.sld = sld\sii-VMADMIN.POSTCODE_POLYGON.sld
		sld\sii-VMADMIN.STATE_ASSEMBLY_2001.sld = sld\sii-VMADMIN.STATE_ASSEMBLY_2001.sld
		sld\sii-VMADMIN.STATE_COUNCIL_2005.sld = sld\sii-VMADMIN.STATE_COUNCIL_2005.sld
		sld\sii-VMADMIN.TOWNSHIP_POLYGON.sld = sld\sii-VMADMIN.TOWNSHIP_POLYGON.sld
		sld\sii-VMADMIN.VICGOV_REGION.sld = sld\sii-VMADMIN.VICGOV_REGION.sld
		sld\sii-VMADMIN.WARD_2008.sld = sld\sii-VMADMIN.WARD_2008.sld
		sld\sii-VMADMIN.WARD_2012-BENDIGO.sld = sld\sii-VMADMIN.WARD_2012-BENDIGO.sld
		sld\sii-VMADMIN.WARD_2012.sld = sld\sii-VMADMIN.WARD_2012.sld
		sld\sii-VMCLTENURE.CL_TENURE_VIEW.sld = sld\sii-VMCLTENURE.CL_TENURE_VIEW.sld
		sld\sii-VMELEV.EL_CONTOUR.sld = sld\sii-VMELEV.EL_CONTOUR.sld
		sld\sii-VMELEV.EL_CONTOUR_1TO5M.sld = sld\sii-VMELEV.EL_CONTOUR_1TO5M.sld
		sld\sii-VMELEV.EL_GRND_SURFACE_POINT.sld = sld\sii-VMELEV.EL_GRND_SURFACE_POINT.sld
		sld\sii-VMFEAT.FOI_INDEX_CENTROID.sld = sld\sii-VMFEAT.FOI_INDEX_CENTROID.sld
		sld\sii-VMFEAT.FOI_POLYGON.sld = sld\sii-VMFEAT.FOI_POLYGON.sld
		sld\sii-VMFEAT.LOCALITY_POINT.sld = sld\sii-VMFEAT.LOCALITY_POINT.sld
		sld\sii-VMHYDRO.HY_WATER_AREA_POLYGON.sld = sld\sii-VMHYDRO.HY_WATER_AREA_POLYGON.sld
		sld\sii-VMHYDRO.HY_WATER_POINT.sld = sld\sii-VMHYDRO.HY_WATER_POINT.sld
		sld\sii-VMHYDRO.HY_WATER_STRUCT_POINT.sld = sld\sii-VMHYDRO.HY_WATER_STRUCT_POINT.sld
		sld\sii-VMHYDRO.HY_WATERCOURSE.sld = sld\sii-VMHYDRO.HY_WATERCOURSE.sld
		sld\sii-VMLITE.VMLITE_BUILT_UP_AREA.sld = sld\sii-VMLITE.VMLITE_BUILT_UP_AREA.sld
		sld\sii-VMLITE.VMLITE_FOREST_SU2.sld = sld\sii-VMLITE.VMLITE_FOREST_SU2.sld
		sld\sii-VMLITE.VMLITE_FOREST_SU3.sld = sld\sii-VMLITE.VMLITE_FOREST_SU3.sld
		sld\sii-VMLITE.VMLITE_FOREST_SU5.sld = sld\sii-VMLITE.VMLITE_FOREST_SU5.sld
		sld\sii-VMLITE.VMLITE_HY_WATER_AREA.sld = sld\sii-VMLITE.VMLITE_HY_WATER_AREA.sld
		sld\sii-VMLITE.VMLITE_HY_WATERCOURSE.sld = sld\sii-VMLITE.VMLITE_HY_WATERCOURSE.sld
		sld\sii-VMLITE.VMLITE_LGA.ENV.sld = sld\sii-VMLITE.VMLITE_LGA.ENV.sld
		sld\sii-VMLITE.VMLITE_LGA.sld = sld\sii-VMLITE.VMLITE_LGA.sld
		sld\sii-VMLITE.VMLITE_LOCALITY.sld = sld\sii-VMLITE.VMLITE_LOCALITY.sld
		sld\sii-VMLITE.VMLITE_LOCALITY_POLYGON.sld = sld\sii-VMLITE.VMLITE_LOCALITY_POLYGON.sld
		sld\sii-VMLITE.VMLITE_POSTCODE_POLYGON.sld = sld\sii-VMLITE.VMLITE_POSTCODE_POLYGON.sld
		sld\sii-VMLITE.VMLITE_TR_AIRPORT.sld = sld\sii-VMLITE.VMLITE_TR_AIRPORT.sld
		sld\sii-VMLITE.VMLITE_TR_RAIL.sld = sld\sii-VMLITE.VMLITE_TR_RAIL.sld
		sld\sii-VMLITE.VMLITE_TR_RAIL_STATION.sld = sld\sii-VMLITE.VMLITE_TR_RAIL_STATION.sld
		sld\sii-VMLITE.VMLITE_TR_ROAD-labels.sld = sld\sii-VMLITE.VMLITE_TR_ROAD-labels.sld
		sld\sii-VMLITE.VMLITE_TR_ROAD.sld = sld\sii-VMLITE.VMLITE_TR_ROAD.sld
		sld\sii-VMLITE.VMLITE_VICTORIA_POLYGON_SU5.sld = sld\sii-VMLITE.VMLITE_VICTORIA_POLYGON_SU5.sld
		sld\sii-VMPLAN.PLAN_CODELIST.sld = sld\sii-VMPLAN.PLAN_CODELIST.sld
		sld\sii-VMPLAN.PLAN_OVERLAY-DEPI.sld = sld\sii-VMPLAN.PLAN_OVERLAY-DEPI.sld
		sld\sii-VMPLAN.PLAN_OVERLAY.sld = sld\sii-VMPLAN.PLAN_OVERLAY.sld
		sld\sii-VMPLAN.PLAN_UGA.sld = sld\sii-VMPLAN.PLAN_UGA.sld
		sld\sii-VMPLAN.PLAN_UGB.sld = sld\sii-VMPLAN.PLAN_UGB.sld
		sld\sii-VMPLAN.PLAN_ZONE-DEPI.sld = sld\sii-VMPLAN.PLAN_ZONE-DEPI.sld
		sld\sii-VMPLAN.PLAN_ZONE.sld = sld\sii-VMPLAN.PLAN_ZONE.sld
		sld\sii-VMPROP.CAD_LINE.sld = sld\sii-VMPROP.CAD_LINE.sld
		sld\sii-VMPROP.PARCEL_VIEW.sld = sld\sii-VMPROP.PARCEL_VIEW.sld
		sld\sii-VMPROP.PROPERTY_VIEW.sld = sld\sii-VMPROP.PROPERTY_VIEW.sld
		sld\sii-VMPROP.V_PARCEL_MP.sld = sld\sii-VMPROP.V_PARCEL_MP.sld
		sld\sii-VMPROP.V_PROPERTY_MP.sld = sld\sii-VMPROP.V_PROPERTY_MP.sld
		sld\sii-VMSHARED.FR_FRAMEWORK_AREA_LINE.sld = sld\sii-VMSHARED.FR_FRAMEWORK_AREA_LINE.sld
		sld\sii-VMTRANS.TR_FERRY_ROUTE.sld = sld\sii-VMTRANS.TR_FERRY_ROUTE.sld
		sld\sii-VMTRANS.TR_RAIL.sld = sld\sii-VMTRANS.TR_RAIL.sld
		sld\sii-VMTRANS.TR_ROAD-labels.sld = sld\sii-VMTRANS.TR_ROAD-labels.sld
		sld\sii-VMTRANS.TR_ROAD.sld = sld\sii-VMTRANS.TR_ROAD.sld
		sld\sii-VMVEG.TREE_DENSITY.sld = sld\sii-VMVEG.TREE_DENSITY.sld
		sld\sii-VSUP.ADDRESS_SDO.sld = sld\sii-VSUP.ADDRESS_SDO.sld
		sld\sii-VSUP.V_PARCEL_MP_SDO.sld = sld\sii-VSUP.V_PARCEL_MP_SDO.sld
		sld\VICMAP_CLASSIC-dse_vmadmin_lga_polygon.sld = sld\VICMAP_CLASSIC-dse_vmadmin_lga_polygon.sld
		sld\VICMAP_CLASSIC-dse_vmfeat_foi_line.sld = sld\VICMAP_CLASSIC-dse_vmfeat_foi_line.sld
		sld\VICMAP_CLASSIC-dse_vmfeat_foi_point.sld = sld\VICMAP_CLASSIC-dse_vmfeat_foi_point.sld
		sld\VICMAP_CLASSIC-dse_vmfeat_foi_polygon.sld = sld\VICMAP_CLASSIC-dse_vmfeat_foi_polygon.sld
		sld\VICMAP_CLASSIC-dse_vmfeat_locality_point-label.sld = sld\VICMAP_CLASSIC-dse_vmfeat_locality_point-label.sld
		sld\VICMAP_CLASSIC-dse_vmhydro_hy_water_area_polygon.sld = sld\VICMAP_CLASSIC-dse_vmhydro_hy_water_area_polygon.sld
		sld\VICMAP_CLASSIC-dse_vmhydro_hy_watercourse.sld = sld\VICMAP_CLASSIC-dse_vmhydro_hy_watercourse.sld
		sld\VICMAP_CLASSIC-dse_vmlite_vmlite_forest_su5.sld = sld\VICMAP_CLASSIC-dse_vmlite_vmlite_forest_su5.sld
		sld\VICMAP_CLASSIC-dse_vmlite_vmlite_hy_water_area.sld = sld\VICMAP_CLASSIC-dse_vmlite_vmlite_hy_water_area.sld
		sld\VICMAP_CLASSIC-dse_vmlite_vmlite_tr_rail.sld = sld\VICMAP_CLASSIC-dse_vmlite_vmlite_tr_rail.sld
		sld\VICMAP_CLASSIC-dse_vmlite_vmlite_tr_road.sld = sld\VICMAP_CLASSIC-dse_vmlite_vmlite_tr_road.sld
		sld\VICMAP_CLASSIC-dse_vmlite_vmlite_victoria_polygon_su5.sld = sld\VICMAP_CLASSIC-dse_vmlite_vmlite_victoria_polygon_su5.sld
		sld\VICMAP_CLASSIC-dse_vmlite_vmlite_victoria_polygon_su5_vw_sea_mask.sld = sld\VICMAP_CLASSIC-dse_vmlite_vmlite_victoria_polygon_su5_vw_sea_mask.sld
		sld\VICMAP_CLASSIC-dse_vmlite_vmlite_victoria_polygon_su5_white.sld = sld\VICMAP_CLASSIC-dse_vmlite_vmlite_victoria_polygon_su5_white.sld
		sld\VICMAP_CLASSIC-dse_vmtrans_tr_rail.sld = sld\VICMAP_CLASSIC-dse_vmtrans_tr_rail.sld
		sld\VICMAP_CLASSIC-dse_vmtrans_tr_road-base.sld = sld\VICMAP_CLASSIC-dse_vmtrans_tr_road-base.sld
		sld\VICMAP_CLASSIC-dse_vmtrans_tr_road-top.sld = sld\VICMAP_CLASSIC-dse_vmtrans_tr_road-top.sld
		sld\VICMAP_CLASSIC-gt_vmadd_address_opti.sld = sld\VICMAP_CLASSIC-gt_vmadd_address_opti.sld
		sld\VICMAP_CLASSIC-gt_vmadd_address_rural.sld = sld\VICMAP_CLASSIC-gt_vmadd_address_rural.sld
		sld\VICMAP_CLASSIC-gt_vmprop_parcel_opti.sld = sld\VICMAP_CLASSIC-gt_vmprop_parcel_opti.sld
		sld\VICMAP_CLASSIC-gt_vmprop_property_opti.sld = sld\VICMAP_CLASSIC-gt_vmprop_property_opti.sld
		sld\VICMAP_CLASSIC-gt_vmtrans_road_aggr_lga-labels.sld = sld\VICMAP_CLASSIC-gt_vmtrans_road_aggr_lga-labels.sld
		sld\VICMAP_CLASSIC-gt_vmtrans_road_aggr_lga-normal.sld = sld\VICMAP_CLASSIC-gt_vmtrans_road_aggr_lga-normal.sld
		sld\VICMAP_CLASSIC-se_vmlite_vmlite_hy_watercourse.sld = sld\VICMAP_CLASSIC-se_vmlite_vmlite_hy_watercourse.sld
	EndProjectSection
EndProject
Global
	GlobalSection(SolutionProperties) = preSolution
		HideSolutionNode = FALSE
	EndGlobalSection
EndGlobal
